
Microsoft Visual Studio Solution File, Format Version 12.00
# Visual Studio Version 17
VisualStudioVersion = 17.11.35327.3
MinimumVisualStudioVersion = 10.0.40219.1
Project("{FAE04EC0-301F-11D3-BF4B-00C04F79EFBC}") = "Day3App1", "Day3App1\Day3App1.csproj", "{0E454640-FAC2-4F33-B769-F9CFE01CF487}"
EndProject
Global
	GlobalSection(SolutionConfigurationPlatforms) = preSolution
		Debug|Any CPU = Debug|Any CPU
		Release|Any CPU = Release|Any CPU
	EndGlobalSection
	GlobalSection(ProjectConfigurationPlatforms) = postSolution
		{0E454640-FAC2-4F33-B769-F9CFE01CF487}.Debug|Any CPU.ActiveCfg = Debug|Any CPU
		{0E454640-FAC2-4F33-B769-F9CFE01CF487}.Debug|Any CPU.Build.0 = Debug|Any CPU
		{0E454640-FAC2-4F33-B769-F9CFE01CF487}.Release|Any CPU.ActiveCfg = Release|Any CPU
		{0E454640-FAC2-4F33-B769-F9CFE01CF487}.Release|Any CPU.Build.0 = Release|Any CPU
	EndGlobalSection
	GlobalSection(SolutionProperties) = preSolution
		HideSolutionNode = FALSE
	EndGlobalSection
	GlobalSection(ExtensibilityGlobals) = postSolution
		SolutionGuid = {5B718849-CE61-45DC-B9BE-8B6551615D41}
	EndGlobalSection
EndGlobal
